// !$*UTF8*$!
{
	archiveVersion = 1;
	classes = {
	};
	objectVersion = 46;
	objects = {

/* Begin PBXBuildFile section */
		C8284CFE1EB00F5700DF56C6 /* GameScene.sks in Resources */ = {isa = PBXBuildFile; fileRef = C8284CFD1EB00F5700DF56C6 /* GameScene.sks */; };
		C8511B651EAEDD44002A59AA /* AppDelegate.swift in Sources */ = {isa = PBXBuildFile; fileRef = C8511B641EAEDD44002A59AA /* AppDelegate.swift */; };
		C8511B671EAEDD44002A59AA /* ViewController.swift in Sources */ = {isa = PBXBuildFile; fileRef = C8511B661EAEDD44002A59AA /* ViewController.swift */; };
		C8511B6A1EAEDD44002A59AA /* Main.storyboard in Resources */ = {isa = PBXBuildFile; fileRef = C8511B681EAEDD44002A59AA /* Main.storyboard */; };
		C8511B6C1EAEDD44002A59AA /* Assets.xcassets in Resources */ = {isa = PBXBuildFile; fileRef = C8511B6B1EAEDD44002A59AA /* Assets.xcassets */; };
		C8511B6F1EAEDD44002A59AA /* LaunchScreen.storyboard in Resources */ = {isa = PBXBuildFile; fileRef = C8511B6D1EAEDD44002A59AA /* LaunchScreen.storyboard */; };
		C8511B771EAEDDAD002A59AA /* .gitignore in Resources */ = {isa = PBXBuildFile; fileRef = C8511B761EAEDDAD002A59AA /* .gitignore */; };
		C8511B7A1EAEDEA8002A59AA /* SpriteKit.framework in Frameworks */ = {isa = PBXBuildFile; fileRef = C8511B791EAEDEA8002A59AA /* SpriteKit.framework */; };
		C8511B7E1EAEE1D6002A59AA /* GameScene.swift in Sources */ = {isa = PBXBuildFile; fileRef = C8511B7D1EAEE1D6002A59AA /* GameScene.swift */; };
		C86D46461EB01B90009A7078 /* GameScene2.sks in Resources */ = {isa = PBXBuildFile; fileRef = C86D46451EB01B90009A7078 /* GameScene2.sks */; };
/* End PBXBuildFile section */

/* Begin PBXFileReference section */
		C8284CFD1EB00F5700DF56C6 /* GameScene.sks */ = {isa = PBXFileReference; lastKnownFileType = file.sks; path = GameScene.sks; sourceTree = "<group>"; };
		C8511B611EAEDD44002A59AA /* Rolling.app */ = {isa = PBXFileReference; explicitFileType = wrapper.application; includeInIndex = 0; path = Rolling.app; sourceTree = BUILT_PRODUCTS_DIR; };
		C8511B641EAEDD44002A59AA /* AppDelegate.swift */ = {isa = PBXFileReference; lastKnownFileType = sourcecode.swift; path = AppDelegate.swift; sourceTree = "<group>"; };
		C8511B661EAEDD44002A59AA /* ViewController.swift */ = {isa = PBXFileReference; lastKnownFileType = sourcecode.swift; path = ViewController.swift; sourceTree = "<group>"; };
		C8511B691EAEDD44002A59AA /* Base */ = {isa = PBXFileReference; lastKnownFileType = file.storyboard; name = Base; path = Base.lproj/Main.storyboard; sourceTree = "<group>"; };
		C8511B6B1EAEDD44002A59AA /* Assets.xcassets */ = {isa = PBXFileReference; lastKnownFileType = folder.assetcatalog; path = Assets.xcassets; sourceTree = "<group>"; };
		C8511B6E1EAEDD44002A59AA /* Base */ = {isa = PBXFileReference; lastKnownFileType = file.storyboard; name = Base; path = Base.lproj/LaunchScreen.storyboard; sourceTree = "<group>"; };
		C8511B701EAEDD44002A59AA /* Info.plist */ = {isa = PBXFileReference; lastKnownFileType = text.plist.xml; path = Info.plist; sourceTree = "<group>"; };
		C8511B761EAEDDAD002A59AA /* .gitignore */ = {isa = PBXFileReference; fileEncoding = 4; lastKnownFileType = text; path = .gitignore; sourceTree = "<group>"; };
		C8511B791EAEDEA8002A59AA /* SpriteKit.framework */ = {isa = PBXFileReference; lastKnownFileType = wrapper.framework; name = SpriteKit.framework; path = System/Library/Frameworks/SpriteKit.framework; sourceTree = SDKROOT; };
		C8511B7D1EAEE1D6002A59AA /* GameScene.swift */ = {isa = PBXFileReference; fileEncoding = 4; lastKnownFileType = sourcecode.swift; path = GameScene.swift; sourceTree = "<group>"; };
		C86D46451EB01B90009A7078 /* GameScene2.sks */ = {isa = PBXFileReference; lastKnownFileType = file.sks; path = GameScene2.sks; sourceTree = "<group>"; };
/* End PBXFileReference section */

/* Begin PBXFrameworksBuildPhase section */
		C8511B5E1EAEDD44002A59AA /* Frameworks */ = {
			isa = PBXFrameworksBuildPhase;
			buildActionMask = 2147483647;
			files = (
				C8511B7A1EAEDEA8002A59AA /* SpriteKit.framework in Frameworks */,
			);
			runOnlyForDeploymentPostprocessing = 0;
		};
/* End PBXFrameworksBuildPhase section */

/* Begin PBXGroup section */
		C8511B581EAEDD44002A59AA = {
			isa = PBXGroup;
			children = (
				C8511B761EAEDDAD002A59AA /* .gitignore */,
				C8511B631EAEDD44002A59AA /* Rolling */,
				C8511B621EAEDD44002A59AA /* Products */,
				C8511B781EAEDEA7002A59AA /* Frameworks */,
			);
			sourceTree = "<group>";
		};
		C8511B621EAEDD44002A59AA /* Products */ = {
			isa = PBXGroup;
			children = (
				C8511B611EAEDD44002A59AA /* Rolling.app */,
			);
			name = Products;
			sourceTree = "<group>";
		};
		C8511B631EAEDD44002A59AA /* Rolling */ = {
			isa = PBXGroup;
			children = (
				C8511B641EAEDD44002A59AA /* AppDelegate.swift */,
				C8511B7D1EAEE1D6002A59AA /* GameScene.swift */,
				C8511B661EAEDD44002A59AA /* ViewController.swift */,
				C86D46481EB026F9009A7078 /* Layout */,
				C86D46471EB026E8009A7078 /* Scenes */,
				C8511B6B1EAEDD44002A59AA /* Assets.xcassets */,
				C8511B701EAEDD44002A59AA /* Info.plist */,
			);
			path = Rolling;
			sourceTree = "<group>";
		};
		C8511B781EAEDEA7002A59AA /* Frameworks */ = {
			isa = PBXGroup;
			children = (
				C8511B791EAEDEA8002A59AA /* SpriteKit.framework */,
			);
			name = Frameworks;
			sourceTree = "<group>";
		};
		C86D46471EB026E8009A7078 /* Scenes */ = {
			isa = PBXGroup;
			children = (
				C8284CFD1EB00F5700DF56C6 /* GameScene.sks */,
				C86D46451EB01B90009A7078 /* GameScene2.sks */,
			);
			name = Scenes;
			sourceTree = "<group>";
		};
		C86D46481EB026F9009A7078 /* Layout */ = {
			isa = PBXGroup;
			children = (
				C8511B6D1EAEDD44002A59AA /* LaunchScreen.storyboard */,
				C8511B681EAEDD44002A59AA /* Main.storyboard */,
			);
			name = Layout;
			sourceTree = "<group>";
		};
/* End PBXGroup section */

/* Begin PBXNativeTarget section */
		C8511B601EAEDD44002A59AA /* Rolling */ = {
			isa = PBXNativeTarget;
			buildConfigurationList = C8511B731EAEDD44002A59AA /* Build configuration list for PBXNativeTarget "Rolling" */;
			buildPhases = (
				C8511B5D1EAEDD44002A59AA /* Sources */,
				C8511B5E1EAEDD44002A59AA /* Frameworks */,
				C8511B5F1EAEDD44002A59AA /* Resources */,
			);
			buildRules = (
			);
			dependencies = (
			);
			name = Rolling;
			productName = Rolling;
			productReference = C8511B611EAEDD44002A59AA /* Rolling.app */;
			productType = "com.apple.product-type.application";
		};
/* End PBXNativeTarget section */

/* Begin PBXProject section */
		C8511B591EAEDD44002A59AA /* Project object */ = {
			isa = PBXProject;
			attributes = {
				LastSwiftUpdateCheck = 0830;
				LastUpgradeCheck = 0830;
				ORGANIZATIONNAME = AJGR;
				TargetAttributes = {
					C8511B601EAEDD44002A59AA = {
						CreatedOnToolsVersion = 8.3.2;
						ProvisioningStyle = Manual;
					};
				};
			};
			buildConfigurationList = C8511B5C1EAEDD44002A59AA /* Build configuration list for PBXProject "Rolling" */;
			compatibilityVersion = "Xcode 3.2";
			developmentRegion = English;
			hasScannedForEncodings = 0;
			knownRegions = (
				en,
				Base,
			);
			mainGroup = C8511B581EAEDD44002A59AA;
			productRefGroup = C8511B621EAEDD44002A59AA /* Products */;
			projectDirPath = "";
			projectRoot = "";
			targets = (
				C8511B601EAEDD44002A59AA /* Rolling */,
			);
		};
/* End PBXProject section */

/* Begin PBXResourcesBuildPhase section */
		C8511B5F1EAEDD44002A59AA /* Resources */ = {
			isa = PBXResourcesBuildPhase;
			buildActionMask = 2147483647;
			files = (
				C8511B771EAEDDAD002A59AA /* .gitignore in Resources */,
				C86D46461EB01B90009A7078 /* GameScene2.sks in Resources */,
				C8511B6F1EAEDD44002A59AA /* LaunchScreen.storyboard in Resources */,
				C8511B6C1EAEDD44002A59AA /* Assets.xcassets in Resources */,
				C8511B6A1EAEDD44002A59AA /* Main.storyboard in Resources */,
				C8284CFE1EB00F5700DF56C6 /* GameScene.sks in Resources */,
			);
			runOnlyForDeploymentPostprocessing = 0;
		};
/* End PBXResourcesBuildPhase section */

/* Begin PBXSourcesBuildPhase section */
		C8511B5D1EAEDD44002A59AA /* Sources */ = {
			isa = PBXSourcesBuildPhase;
			buildActionMask = 2147483647;
			files = (
				C8511B7E1EAEE1D6002A59AA /* GameScene.swift in Sources */,
				C8511B671EAEDD44002A59AA /* ViewController.swift in Sources */,
				C8511B651EAEDD44002A59AA /* AppDelegate.swift in Sources */,
			);
			runOnlyForDeploymentPostprocessing = 0;
		};
/* End PBXSourcesBuildPhase section */

/* Begin PBXVariantGroup section */
		C8511B681EAEDD44002A59AA /* Main.storyboard */ = {
			isa = PBXVariantGroup;
			children = (
				C8511B691EAEDD44002A59AA /* Base */,
			);
			name = Main.storyboard;
			sourceTree = "<group>";
		};
		C8511B6D1EAEDD44002A59AA /* LaunchScreen.storyboard */ = {
			isa = PBXVariantGroup;
			children = (
				C8511B6E1EAEDD44002A59AA /* Base */,
			);
			name = LaunchScreen.storyboard;
			sourceTree = "<group>";
		};
/* End PBXVariantGroup section */

/* Begin XCBuildConfiguration section */
		C8511B711EAEDD44002A59AA /* Debug */ = {
			isa = XCBuildConfiguration;
			buildSettings = {
				ALWAYS_SEARCH_USER_PATHS = NO;
				CLANG_ANALYZER_NONNULL = YES;
				CLANG_ANALYZER_NUMBER_OBJECT_CONVERSION = YES_AGGRESSIVE;
				CLANG_CXX_LANGUAGE_STANDARD = "gnu++0x";
				CLANG_CXX_LIBRARY = "libc++";
				CLANG_ENABLE_MODULES = YES;
				CLANG_ENABLE_OBJC_ARC = YES;
				CLANG_WARN_BOOL_CONVERSION = YES;
				CLANG_WARN_CONSTANT_CONVERSION = YES;
				CLANG_WARN_DIRECT_OBJC_ISA_USAGE = YES_ERROR;
				CLANG_WARN_DOCUMENTATION_COMMENTS = YES;
				CLANG_WARN_EMPTY_BODY = YES;
				CLANG_WARN_ENUM_CONVERSION = YES;
				CLANG_WARN_INFINITE_RECURSION = YES;
				CLANG_WARN_INT_CONVERSION = YES;
				CLANG_WARN_OBJC_ROOT_CLASS = YES_ERROR;
				CLANG_WARN_SUSPICIOUS_MOVE = YES;
				CLANG_WARN_UNREACHABLE_CODE = YES;
				CLANG_WARN__DUPLICATE_METHOD_MATCH = YES;
				"CODE_SIGN_IDENTITY[sdk=iphoneos*]" = "iPhone Developer";
				COPY_PHASE_STRIP = NO;
				DEBUG_INFORMATION_FORMAT = dwarf;
				ENABLE_STRICT_OBJC_MSGSEND = YES;
				ENABLE_TESTABILITY = YES;
				GCC_C_LANGUAGE_STANDARD = gnu99;
				GCC_DYNAMIC_NO_PIC = NO;
				GCC_NO_COMMON_BLOCKS = YES;
				GCC_OPTIMIZATION_LEVEL = 0;
				GCC_PREPROCESSOR_DEFINITIONS = (
					"DEBUG=1",
					"$(inherited)",
				);
				GCC_WARN_64_TO_32_BIT_CONVERSION = YES;
				GCC_WARN_ABOUT_RETURN_TYPE = YES_ERROR;
				GCC_WARN_UNDECLARED_SELECTOR = YES;
				GCC_WARN_UNINITIALIZED_AUTOS = YES_AGGRESSIVE;
				GCC_WARN_UNUSED_FUNCTION = YES;
				GCC_WARN_UNUSED_VARIABLE = YES;
				IPHONEOS_DEPLOYMENT_TARGET = 10.3;
				MTL_ENABLE_DEBUG_INFO = YES;
				ONLY_ACTIVE_ARCH = YES;
				SDKROOT = iphoneos;
				SWIFT_ACTIVE_COMPILATION_CONDITIONS = DEBUG;
				SWIFT_OPTIMIZATION_LEVEL = "-Onone";
				TARGETED_DEVICE_FAMILY = "1,2";
			};
			name = Debug;
		};
		C8511B721EAEDD44002A59AA /* Release */ = {
			isa = XCBuildConfiguration;
			buildSettings = {
				ALWAYS_SEARCH_USER_PATHS = NO;
				CLANG_ANALYZER_NONNULL = YES;
				CLANG_ANALYZER_NUMBER_OBJECT_CONVERSION = YES_AGGRESSIVE;
				CLANG_CXX_LANGUAGE_STANDARD = "gnu++0x";
				CLANG_CXX_LIBRARY = "libc++";
				CLANG_ENABLE_MODULES = YES;
				CLANG_ENABLE_OBJC_ARC = YES;
				CLANG_WARN_BOOL_CONVERSION = YES;
				CLANG_WARN_CONSTANT_CONVERSION = YES;
				CLANG_WARN_DIRECT_OBJC_ISA_USAGE = YES_ERROR;
				CLANG_WARN_DOCUMENTATION_COMMENTS = YES;
				CLANG_WARN_EMPTY_BODY = YES;
				CLANG_WARN_ENUM_CONVERSION = YES;
				CLANG_WARN_INFINITE_RECURSION = YES;
				CLANG_WARN_INT_CONVERSION = YES;
				CLANG_WARN_OBJC_ROOT_CLASS = YES_ERROR;
				CLANG_WARN_SUSPICIOUS_MOVE = YES;
				CLANG_WARN_UNREACHABLE_CODE = YES;
				CLANG_WARN__DUPLICATE_METHOD_MATCH = YES;
				"CODE_SIGN_IDENTITY[sdk=iphoneos*]" = "iPhone Developer";
				COPY_PHASE_STRIP = NO;
				DEBUG_INFORMATION_FORMAT = "dwarf-with-dsym";
				ENABLE_NS_ASSERTIONS = NO;
				ENABLE_STRICT_OBJC_MSGSEND = YES;
				GCC_C_LANGUAGE_STANDARD = gnu99;
				GCC_NO_COMMON_BLOCKS = YES;
				GCC_WARN_64_TO_32_BIT_CONVERSION = YES;
				GCC_WARN_ABOUT_RETURN_TYPE = YES_ERROR;
				GCC_WARN_UNDECLARED_SELECTOR = YES;
				GCC_WARN_UNINITIALIZED_AUTOS = YES_AGGRESSIVE;
				GCC_WARN_UNUSED_FUNCTION = YES;
				GCC_WARN_UNUSED_VARIABLE = YES;
				IPHONEOS_DEPLOYMENT_TARGET = 10.3;
				MTL_ENABLE_DEBUG_INFO = NO;
				SDKROOT = iphoneos;
				SWIFT_OPTIMIZATION_LEVEL = "-Owholemodule";
				TARGETED_DEVICE_FAMILY = "1,2";
				VALIDATE_PRODUCT = YES;
			};
			name = Release;
		};
		C8511B741EAEDD44002A59AA /* Debug */ = {
			isa = XCBuildConfiguration;
			buildSettings = {
				ASSETCATALOG_COMPILER_APPICON_NAME = AppIcon;
				"CODE_SIGN_IDENTITY[sdk=iphoneos*]" = "iPhone Developer";
				DEVELOPMENT_TEAM = "";
				INFOPLIST_FILE = Rolling/Info.plist;
				LD_RUNPATH_SEARCH_PATHS = "$(inherited) @executable_path/Frameworks";
				PRODUCT_BUNDLE_IDENTIFIER = com.ajgr.ios.Rolling;
				PRODUCT_NAME = "$(TARGET_NAME)";
				PROVISIONING_PROFILE_SPECIFIER = "";
				SWIFT_VERSION = 3.0;
			};
			name = Debug;
		};
		C8511B751EAEDD44002A59AA /* Release */ = {
			isa = XCBuildConfiguration;
			buildSettings = {
				ASSETCATALOG_COMPILER_APPICON_NAME = AppIcon;
				"CODE_SIGN_IDENTITY[sdk=iphoneos*]" = "iPhone Developer";
				DEVELOPMENT_TEAM = "";
				INFOPLIST_FILE = Rolling/Info.plist;
				LD_RUNPATH_SEARCH_PATHS = "$(inherited) @executable_path/Frameworks";
				PRODUCT_BUNDLE_IDENTIFIER = com.ajgr.ios.Rolling;
				PRODUCT_NAME = "$(TARGET_NAME)";
				PROVISIONING_PROFILE_SPECIFIER = "";
				SWIFT_VERSION = 3.0;
			};
			name = Release;
		};
/* End XCBuildConfiguration section */

/* Begin XCConfigurationList section */
		C8511B5C1EAEDD44002A59AA /* Build configuration list for PBXProject "Rolling" */ = {
			isa = XCConfigurationList;
			buildConfigurations = (
				C8511B711EAEDD44002A59AA /* Debug */,
				C8511B721EAEDD44002A59AA /* Release */,
			);
			defaultConfigurationIsVisible = 0;
			defaultConfigurationName = Release;
		};
		C8511B731EAEDD44002A59AA /* Build configuration list for PBXNativeTarget "Rolling" */ = {
			isa = XCConfigurationList;
			buildConfigurations = (
				C8511B741EAEDD44002A59AA /* Debug */,
				C8511B751EAEDD44002A59AA /* Release */,
			);
			defaultConfigurationIsVisible = 0;
			defaultConfigurationName = Release;
		};
/* End XCConfigurationList section */
	};
	rootObject = C8511B591EAEDD44002A59AA /* Project object */;
}
